// !$*UTF8*$!
{
	archiveVersion = 1;
	classes = {
	};
	objectVersion = 46;
	objects = {

/* Begin PBXBuildFile section */
		2E2DE1BE19ACA8BA00DDED1C /* 1409070946_speaker.png in Resources */ = {isa = PBXBuildFile; fileRef = 2E2DE1BC19ACA8BA00DDED1C /* 1409070946_speaker.png */; };
		2E2DE1BF19ACA8BA00DDED1C /* Frog.wav in Resources */ = {isa = PBXBuildFile; fileRef = 2E2DE1BD19ACA8BA00DDED1C /* Frog.wav */; };
		2E6FFF3719AC9CC4008F3F48 /* ChickenShow.swift in Sources */ = {isa = PBXBuildFile; fileRef = 2E6FFF3319AC9CC4008F3F48 /* ChickenShow.swift */; };
		2E6FFF3819AC9CC4008F3F48 /* DogShow.swift in Sources */ = {isa = PBXBuildFile; fileRef = 2E6FFF3419AC9CC4008F3F48 /* DogShow.swift */; };
		2E6FFF3A19AC9CC4008F3F48 /* SnakeShow.swift in Sources */ = {isa = PBXBuildFile; fileRef = 2E6FFF3619AC9CC4008F3F48 /* SnakeShow.swift */; };
		2E6FFF4519AC9D9C008F3F48 /* 339432-dogs-music-dog.jpg in Resources */ = {isa = PBXBuildFile; fileRef = 2E6FFF3B19AC9D9C008F3F48 /* 339432-dogs-music-dog.jpg */; };
		2E6FFF4619AC9D9C008F3F48 /* 1409061195_white_tiger.png in Resources */ = {isa = PBXBuildFile; fileRef = 2E6FFF3C19AC9D9C008F3F48 /* 1409061195_white_tiger.png */; };
		2E6FFF4719AC9D9C008F3F48 /* 1409062022_chiken.png in Resources */ = {isa = PBXBuildFile; fileRef = 2E6FFF3D19AC9D9C008F3F48 /* 1409062022_chiken.png */; };
		2E6FFF4819AC9D9C008F3F48 /* 1409062131_Hypnotoad.png in Resources */ = {isa = PBXBuildFile; fileRef = 2E6FFF3E19AC9D9C008F3F48 /* 1409062131_Hypnotoad.png */; };
		2E6FFF4919AC9D9C008F3F48 /* 1409062146_bulldog.png in Resources */ = {isa = PBXBuildFile; fileRef = 2E6FFF3F19AC9D9C008F3F48 /* 1409062146_bulldog.png */; };
		2E6FFF4A19AC9D9C008F3F48 /* 1409062157_ksnake.png in Resources */ = {isa = PBXBuildFile; fileRef = 2E6FFF4019AC9D9C008F3F48 /* 1409062157_ksnake.png */; };
		2E6FFF4B19AC9D9C008F3F48 /* 1409066141_Speaker.png in Resources */ = {isa = PBXBuildFile; fileRef = 2E6FFF4119AC9D9C008F3F48 /* 1409066141_Speaker.png */; };
		2E6FFF4C19AC9D9C008F3F48 /* chicken.jpg in Resources */ = {isa = PBXBuildFile; fileRef = 2E6FFF4219AC9D9C008F3F48 /* chicken.jpg */; };
		2E6FFF4D19AC9D9C008F3F48 /* Frog-After-Diner-HD.jpg in Resources */ = {isa = PBXBuildFile; fileRef = 2E6FFF4319AC9D9C008F3F48 /* Frog-After-Diner-HD.jpg */; };
		2E6FFF4E19AC9D9C008F3F48 /* Tiger.jpg in Resources */ = {isa = PBXBuildFile; fileRef = 2E6FFF4419AC9D9C008F3F48 /* Tiger.jpg */; };
		2E6FFF5019AC9E72008F3F48 /* FrogShow.swift in Sources */ = {isa = PBXBuildFile; fileRef = 2E6FFF4F19AC9E72008F3F48 /* FrogShow.swift */; };
		2E6FFF5219AC9F1F008F3F48 /* 1409068478_kmixdocked_error.png in Resources */ = {isa = PBXBuildFile; fileRef = 2E6FFF5119AC9F1F008F3F48 /* 1409068478_kmixdocked_error.png */; };
		2EAB3F8019ACB4500056E451 /* Chicks.wav in Resources */ = {isa = PBXBuildFile; fileRef = 2EAB3F7C19ACB4500056E451 /* Chicks.wav */; };
		2EAB3F8119ACB4500056E451 /* Dog.wav in Resources */ = {isa = PBXBuildFile; fileRef = 2EAB3F7D19ACB4500056E451 /* Dog.wav */; };
		2EAB3F8219ACB4500056E451 /* Snake.wav in Resources */ = {isa = PBXBuildFile; fileRef = 2EAB3F7E19ACB4500056E451 /* Snake.wav */; };
		2EAB3F8319ACB4500056E451 /* Tiger.wav in Resources */ = {isa = PBXBuildFile; fileRef = 2EAB3F7F19ACB4500056E451 /* Tiger.wav */; };
		A241919C19AC2A7B00CBC468 /* AppDelegate.swift in Sources */ = {isa = PBXBuildFile; fileRef = A241919B19AC2A7B00CBC468 /* AppDelegate.swift */; };
		A241919E19AC2A7B00CBC468 /* ViewController.swift in Sources */ = {isa = PBXBuildFile; fileRef = A241919D19AC2A7B00CBC468 /* ViewController.swift */; };
		A24191A119AC2A7B00CBC468 /* Main.storyboard in Resources */ = {isa = PBXBuildFile; fileRef = A241919F19AC2A7B00CBC468 /* Main.storyboard */; };
		A24191A319AC2A7B00CBC468 /* Images.xcassets in Resources */ = {isa = PBXBuildFile; fileRef = A24191A219AC2A7B00CBC468 /* Images.xcassets */; };
		A24191AF19AC2A7B00CBC468 /* DongVatAppTests.swift in Sources */ = {isa = PBXBuildFile; fileRef = A24191AE19AC2A7B00CBC468 /* DongVatAppTests.swift */; };
		A24191BE19AC304B00CBC468 /* Animal.swift in Sources */ = {isa = PBXBuildFile; fileRef = A24191BD19AC304B00CBC468 /* Animal.swift */; };
		A24191CA19AC3BD400CBC468 /* TigerShow.swift in Sources */ = {isa = PBXBuildFile; fileRef = A24191C919AC3BD400CBC468 /* TigerShow.swift */; };
		F415958919AF9CE1002CCB81 /* snake-hd-wallpapers-best-desktop-background-pictures-widescreen.jpg in Resources */ = {isa = PBXBuildFile; fileRef = F415958819AF9CE1002CCB81 /* snake-hd-wallpapers-best-desktop-background-pictures-widescreen.jpg */; };
/* End PBXBuildFile section */

/* Begin PBXContainerItemProxy section */
		A24191A919AC2A7B00CBC468 /* PBXContainerItemProxy */ = {
			isa = PBXContainerItemProxy;
			containerPortal = A241918E19AC2A7A00CBC468 /* Project object */;
			proxyType = 1;
			remoteGlobalIDString = A241919519AC2A7B00CBC468;
			remoteInfo = DongVatApp;
		};
/* End PBXContainerItemProxy section */

/* Begin PBXFileReference section */
		2E2DE1BC19ACA8BA00DDED1C /* 1409070946_speaker.png */ = {isa = PBXFileReference; lastKnownFileType = image.png; path = 1409070946_speaker.png; sourceTree = "<group>"; };
		2E2DE1BD19ACA8BA00DDED1C /* Frog.wav */ = {isa = PBXFileReference; lastKnownFileType = audio.wav; path = Frog.wav; sourceTree = "<group>"; };
		2E6FFF3319AC9CC4008F3F48 /* ChickenShow.swift */ = {isa = PBXFileReference; fileEncoding = 4; lastKnownFileType = sourcecode.swift; path = ChickenShow.swift; sourceTree = "<group>"; };
		2E6FFF3419AC9CC4008F3F48 /* DogShow.swift */ = {isa = PBXFileReference; fileEncoding = 4; lastKnownFileType = sourcecode.swift; path = DogShow.swift; sourceTree = "<group>"; };
		2E6FFF3619AC9CC4008F3F48 /* SnakeShow.swift */ = {isa = PBXFileReference; fileEncoding = 4; lastKnownFileType = sourcecode.swift; path = SnakeShow.swift; sourceTree = "<group>"; };
		2E6FFF3B19AC9D9C008F3F48 /* 339432-dogs-music-dog.jpg */ = {isa = PBXFileReference; lastKnownFileType = image.jpeg; path = "339432-dogs-music-dog.jpg"; sourceTree = "<group>"; };
		2E6FFF3C19AC9D9C008F3F48 /* 1409061195_white_tiger.png */ = {isa = PBXFileReference; lastKnownFileType = image.png; path = 1409061195_white_tiger.png; sourceTree = "<group>"; };
		2E6FFF3D19AC9D9C008F3F48 /* 1409062022_chiken.png */ = {isa = PBXFileReference; lastKnownFileType = image.png; path = 1409062022_chiken.png; sourceTree = "<group>"; };
		2E6FFF3E19AC9D9C008F3F48 /* 1409062131_Hypnotoad.png */ = {isa = PBXFileReference; lastKnownFileType = image.png; path = 1409062131_Hypnotoad.png; sourceTree = "<group>"; };
		2E6FFF3F19AC9D9C008F3F48 /* 1409062146_bulldog.png */ = {isa = PBXFileReference; lastKnownFileType = image.png; path = 1409062146_bulldog.png; sourceTree = "<group>"; };
		2E6FFF4019AC9D9C008F3F48 /* 1409062157_ksnake.png */ = {isa = PBXFileReference; lastKnownFileType = image.png; path = 1409062157_ksnake.png; sourceTree = "<group>"; };
		2E6FFF4119AC9D9C008F3F48 /* 1409066141_Speaker.png */ = {isa = PBXFileReference; lastKnownFileType = image.png; path = 1409066141_Speaker.png; sourceTree = "<group>"; };
		2E6FFF4219AC9D9C008F3F48 /* chicken.jpg */ = {isa = PBXFileReference; lastKnownFileType = image.jpeg; path = chicken.jpg; sourceTree = "<group>"; };
		2E6FFF4319AC9D9C008F3F48 /* Frog-After-Diner-HD.jpg */ = {isa = PBXFileReference; lastKnownFileType = image.jpeg; path = "Frog-After-Diner-HD.jpg"; sourceTree = "<group>"; };
		2E6FFF4419AC9D9C008F3F48 /* Tiger.jpg */ = {isa = PBXFileReference; lastKnownFileType = image.jpeg; path = Tiger.jpg; sourceTree = "<group>"; };
		2E6FFF4F19AC9E72008F3F48 /* FrogShow.swift */ = {isa = PBXFileReference; fileEncoding = 4; lastKnownFileType = sourcecode.swift; path = FrogShow.swift; sourceTree = "<group>"; };
		2E6FFF5119AC9F1F008F3F48 /* 1409068478_kmixdocked_error.png */ = {isa = PBXFileReference; lastKnownFileType = image.png; path = 1409068478_kmixdocked_error.png; sourceTree = "<group>"; };
		2EAB3F7C19ACB4500056E451 /* Chicks.wav */ = {isa = PBXFileReference; lastKnownFileType = audio.wav; path = Chicks.wav; sourceTree = "<group>"; };
		2EAB3F7D19ACB4500056E451 /* Dog.wav */ = {isa = PBXFileReference; lastKnownFileType = audio.wav; path = Dog.wav; sourceTree = "<group>"; };
		2EAB3F7E19ACB4500056E451 /* Snake.wav */ = {isa = PBXFileReference; lastKnownFileType = audio.wav; path = Snake.wav; sourceTree = "<group>"; };
		2EAB3F7F19ACB4500056E451 /* Tiger.wav */ = {isa = PBXFileReference; lastKnownFileType = audio.wav; path = Tiger.wav; sourceTree = "<group>"; };
		A241919619AC2A7B00CBC468 /* DongVatApp.app */ = {isa = PBXFileReference; explicitFileType = wrapper.application; includeInIndex = 0; path = DongVatApp.app; sourceTree = BUILT_PRODUCTS_DIR; };
		A241919A19AC2A7B00CBC468 /* Info.plist */ = {isa = PBXFileReference; lastKnownFileType = text.plist.xml; path = Info.plist; sourceTree = "<group>"; };
		A241919B19AC2A7B00CBC468 /* AppDelegate.swift */ = {isa = PBXFileReference; lastKnownFileType = sourcecode.swift; path = AppDelegate.swift; sourceTree = "<group>"; };
		A241919D19AC2A7B00CBC468 /* ViewController.swift */ = {isa = PBXFileReference; lastKnownFileType = sourcecode.swift; path = ViewController.swift; sourceTree = "<group>"; };
		A24191A019AC2A7B00CBC468 /* Base */ = {isa = PBXFileReference; lastKnownFileType = file.storyboard; name = Base; path = Base.lproj/Main.storyboard; sourceTree = "<group>"; };
		A24191A219AC2A7B00CBC468 /* Images.xcassets */ = {isa = PBXFileReference; lastKnownFileType = folder.assetcatalog; path = Images.xcassets; sourceTree = "<group>"; };
		A24191A819AC2A7B00CBC468 /* DongVatAppTests.xctest */ = {isa = PBXFileReference; explicitFileType = wrapper.cfbundle; includeInIndex = 0; path = DongVatAppTests.xctest; sourceTree = BUILT_PRODUCTS_DIR; };
		A24191AD19AC2A7B00CBC468 /* Info.plist */ = {isa = PBXFileReference; lastKnownFileType = text.plist.xml; path = Info.plist; sourceTree = "<group>"; };
		A24191AE19AC2A7B00CBC468 /* DongVatAppTests.swift */ = {isa = PBXFileReference; lastKnownFileType = sourcecode.swift; path = DongVatAppTests.swift; sourceTree = "<group>"; };
		A24191BD19AC304B00CBC468 /* Animal.swift */ = {isa = PBXFileReference; fileEncoding = 4; lastKnownFileType = sourcecode.swift; path = Animal.swift; sourceTree = "<group>"; };
		A24191C919AC3BD400CBC468 /* TigerShow.swift */ = {isa = PBXFileReference; fileEncoding = 4; lastKnownFileType = sourcecode.swift; path = TigerShow.swift; sourceTree = "<group>"; };
		F415958819AF9CE1002CCB81 /* snake-hd-wallpapers-best-desktop-background-pictures-widescreen.jpg */ = {isa = PBXFileReference; lastKnownFileType = image.jpeg; path = "snake-hd-wallpapers-best-desktop-background-pictures-widescreen.jpg"; sourceTree = "<group>"; };
/* End PBXFileReference section */

/* Begin PBXFrameworksBuildPhase section */
		A241919319AC2A7B00CBC468 /* Frameworks */ = {
			isa = PBXFrameworksBuildPhase;
			buildActionMask = 2147483647;
			files = (
			);
			runOnlyForDeploymentPostprocessing = 0;
		};
		A24191A519AC2A7B00CBC468 /* Frameworks */ = {
			isa = PBXFrameworksBuildPhase;
			buildActionMask = 2147483647;
			files = (
			);
			runOnlyForDeploymentPostprocessing = 0;
		};
/* End PBXFrameworksBuildPhase section */

/* Begin PBXGroup section */
		2EAB3F7B19ACB43C0056E451 /* Sound */ = {
			isa = PBXGroup;
			children = (
				2EAB3F7C19ACB4500056E451 /* Chicks.wav */,
				2EAB3F7D19ACB4500056E451 /* Dog.wav */,
				2EAB3F7E19ACB4500056E451 /* Snake.wav */,
				2EAB3F7F19ACB4500056E451 /* Tiger.wav */,
				2E2DE1BD19ACA8BA00DDED1C /* Frog.wav */,
			);
			name = Sound;
			sourceTree = "<group>";
		};
		2EAB3F8419ACBA470056E451 /* Image */ = {
			isa = PBXGroup;
			children = (
				F415958819AF9CE1002CCB81 /* snake-hd-wallpapers-best-desktop-background-pictures-widescreen.jpg */,
				2E2DE1BC19ACA8BA00DDED1C /* 1409070946_speaker.png */,
				2E6FFF5119AC9F1F008F3F48 /* 1409068478_kmixdocked_error.png */,
				2E6FFF3B19AC9D9C008F3F48 /* 339432-dogs-music-dog.jpg */,
				2E6FFF3C19AC9D9C008F3F48 /* 1409061195_white_tiger.png */,
				2E6FFF3D19AC9D9C008F3F48 /* 1409062022_chiken.png */,
				2E6FFF3E19AC9D9C008F3F48 /* 1409062131_Hypnotoad.png */,
				2E6FFF3F19AC9D9C008F3F48 /* 1409062146_bulldog.png */,
				2E6FFF4019AC9D9C008F3F48 /* 1409062157_ksnake.png */,
				2E6FFF4119AC9D9C008F3F48 /* 1409066141_Speaker.png */,
				2E6FFF4219AC9D9C008F3F48 /* chicken.jpg */,
				2E6FFF4319AC9D9C008F3F48 /* Frog-After-Diner-HD.jpg */,
				2E6FFF4419AC9D9C008F3F48 /* Tiger.jpg */,
			);
			name = Image;
			sourceTree = "<group>";
		};
		A241918D19AC2A7A00CBC468 = {
			isa = PBXGroup;
			children = (
				2EAB3F8419ACBA470056E451 /* Image */,
				2EAB3F7B19ACB43C0056E451 /* Sound */,
				A241919819AC2A7B00CBC468 /* DongVatApp */,
				A24191AB19AC2A7B00CBC468 /* DongVatAppTests */,
				A241919719AC2A7B00CBC468 /* Products */,
			);
			sourceTree = "<group>";
		};
		A241919719AC2A7B00CBC468 /* Products */ = {
			isa = PBXGroup;
			children = (
				A241919619AC2A7B00CBC468 /* DongVatApp.app */,
				A24191A819AC2A7B00CBC468 /* DongVatAppTests.xctest */,
			);
			name = Products;
			sourceTree = "<group>";
		};
		A241919819AC2A7B00CBC468 /* DongVatApp */ = {
			isa = PBXGroup;
			children = (
				A24191BA19AC2F0900CBC468 /* Animals */,
				A241919B19AC2A7B00CBC468 /* AppDelegate.swift */,
				A241919D19AC2A7B00CBC468 /* ViewController.swift */,
				A241919F19AC2A7B00CBC468 /* Main.storyboard */,
				A24191A219AC2A7B00CBC468 /* Images.xcassets */,
				A241919919AC2A7B00CBC468 /* Supporting Files */,
			);
			path = DongVatApp;
			sourceTree = "<group>";
		};
		A241919919AC2A7B00CBC468 /* Supporting Files */ = {
			isa = PBXGroup;
			children = (
				A241919A19AC2A7B00CBC468 /* Info.plist */,
			);
			name = "Supporting Files";
			sourceTree = "<group>";
		};
		A24191AB19AC2A7B00CBC468 /* DongVatAppTests */ = {
			isa = PBXGroup;
			children = (
				A24191AE19AC2A7B00CBC468 /* DongVatAppTests.swift */,
				A24191AC19AC2A7B00CBC468 /* Supporting Files */,
			);
			path = DongVatAppTests;
			sourceTree = "<group>";
		};
		A24191AC19AC2A7B00CBC468 /* Supporting Files */ = {
			isa = PBXGroup;
			children = (
				A24191AD19AC2A7B00CBC468 /* Info.plist */,
			);
			name = "Supporting Files";
			sourceTree = "<group>";
		};
		A24191BA19AC2F0900CBC468 /* Animals */ = {
			isa = PBXGroup;
			children = (
				2E6FFF4F19AC9E72008F3F48 /* FrogShow.swift */,
				2E6FFF3319AC9CC4008F3F48 /* ChickenShow.swift */,
				2E6FFF3419AC9CC4008F3F48 /* DogShow.swift */,
				2E6FFF3619AC9CC4008F3F48 /* SnakeShow.swift */,
				A24191BD19AC304B00CBC468 /* Animal.swift */,
				A24191C919AC3BD400CBC468 /* TigerShow.swift */,
			);
			name = Animals;
			sourceTree = "<group>";
		};
/* End PBXGroup section */

/* Begin PBXNativeTarget section */
		A241919519AC2A7B00CBC468 /* DongVatApp */ = {
			isa = PBXNativeTarget;
			buildConfigurationList = A24191B219AC2A7B00CBC468 /* Build configuration list for PBXNativeTarget "DongVatApp" */;
			buildPhases = (
				A241919219AC2A7B00CBC468 /* Sources */,
				A241919319AC2A7B00CBC468 /* Frameworks */,
				A241919419AC2A7B00CBC468 /* Resources */,
			);
			buildRules = (
			);
			dependencies = (
			);
			name = DongVatApp;
			productName = DongVatApp;
			productReference = A241919619AC2A7B00CBC468 /* DongVatApp.app */;
			productType = "com.apple.product-type.application";
		};
		A24191A719AC2A7B00CBC468 /* DongVatAppTests */ = {
			isa = PBXNativeTarget;
			buildConfigurationList = A24191B519AC2A7B00CBC468 /* Build configuration list for PBXNativeTarget "DongVatAppTests" */;
			buildPhases = (
				A24191A419AC2A7B00CBC468 /* Sources */,
				A24191A519AC2A7B00CBC468 /* Frameworks */,
				A24191A619AC2A7B00CBC468 /* Resources */,
			);
			buildRules = (
			);
			dependencies = (
				A24191AA19AC2A7B00CBC468 /* PBXTargetDependency */,
			);
			name = DongVatAppTests;
			productName = DongVatAppTests;
			productReference = A24191A819AC2A7B00CBC468 /* DongVatAppTests.xctest */;
			productType = "com.apple.product-type.bundle.unit-test";
		};
/* End PBXNativeTarget section */

/* Begin PBXProject section */
		A241918E19AC2A7A00CBC468 /* Project object */ = {
			isa = PBXProject;
			attributes = {
				LastUpgradeCheck = 0600;
				ORGANIZATIONNAME = thuc;
				TargetAttributes = {
					A241919519AC2A7B00CBC468 = {
						CreatedOnToolsVersion = 6.0;
					};
					A24191A719AC2A7B00CBC468 = {
						CreatedOnToolsVersion = 6.0;
						TestTargetID = A241919519AC2A7B00CBC468;
					};
				};
			};
			buildConfigurationList = A241919119AC2A7A00CBC468 /* Build configuration list for PBXProject "DongVatApp" */;
			compatibilityVersion = "Xcode 3.2";
			developmentRegion = English;
			hasScannedForEncodings = 0;
			knownRegions = (
				en,
				Base,
			);
			mainGroup = A241918D19AC2A7A00CBC468;
			productRefGroup = A241919719AC2A7B00CBC468 /* Products */;
			projectDirPath = "";
			projectRoot = "";
			targets = (
				A241919519AC2A7B00CBC468 /* DongVatApp */,
				A24191A719AC2A7B00CBC468 /* DongVatAppTests */,
			);
		};
/* End PBXProject section */

/* Begin PBXResourcesBuildPhase section */
		A241919419AC2A7B00CBC468 /* Resources */ = {
			isa = PBXResourcesBuildPhase;
			buildActionMask = 2147483647;
			files = (
				2E6FFF5219AC9F1F008F3F48 /* 1409068478_kmixdocked_error.png in Resources */,
				F415958919AF9CE1002CCB81 /* snake-hd-wallpapers-best-desktop-background-pictures-widescreen.jpg in Resources */,
				A24191A119AC2A7B00CBC468 /* Main.storyboard in Resources */,
				2E6FFF4719AC9D9C008F3F48 /* 1409062022_chiken.png in Resources */,
				2E2DE1BF19ACA8BA00DDED1C /* Frog.wav in Resources */,
				2E6FFF4519AC9D9C008F3F48 /* 339432-dogs-music-dog.jpg in Resources */,
				2E6FFF4E19AC9D9C008F3F48 /* Tiger.jpg in Resources */,
				A24191A319AC2A7B00CBC468 /* Images.xcassets in Resources */,
				2E6FFF4D19AC9D9C008F3F48 /* Frog-After-Diner-HD.jpg in Resources */,
				2E6FFF4619AC9D9C008F3F48 /* 1409061195_white_tiger.png in Resources */,
				2E6FFF4819AC9D9C008F3F48 /* 1409062131_Hypnotoad.png in Resources */,
				2E2DE1BE19ACA8BA00DDED1C /* 1409070946_speaker.png in Resources */,
				2EAB3F8019ACB4500056E451 /* Chicks.wav in Resources */,
				2E6FFF4B19AC9D9C008F3F48 /* 1409066141_Speaker.png in Resources */,
				2EAB3F8219ACB4500056E451 /* Snake.wav in Resources */,
				2EAB3F8119ACB4500056E451 /* Dog.wav in Resources */,
				2E6FFF4919AC9D9C008F3F48 /* 1409062146_bulldog.png in Resources */,
				2EAB3F8319ACB4500056E451 /* Tiger.wav in Resources */,
				2E6FFF4A19AC9D9C008F3F48 /* 1409062157_ksnake.png in Resources */,
				2E6FFF4C19AC9D9C008F3F48 /* chicken.jpg in Resources */,
			);
			runOnlyForDeploymentPostprocessing = 0;
		};
		A24191A619AC2A7B00CBC468 /* Resources */ = {
			isa = PBXResourcesBuildPhase;
			buildActionMask = 2147483647;
			files = (
			);
			runOnlyForDeploymentPostprocessing = 0;
		};
/* End PBXResourcesBuildPhase section */

/* Begin PBXSourcesBuildPhase section */
		A241919219AC2A7B00CBC468 /* Sources */ = {
			isa = PBXSourcesBuildPhase;
			buildActionMask = 2147483647;
			files = (
				A24191CA19AC3BD400CBC468 /* TigerShow.swift in Sources */,
				2E6FFF5019AC9E72008F3F48 /* FrogShow.swift in Sources */,
				2E6FFF3819AC9CC4008F3F48 /* DogShow.swift in Sources */,
				2E6FFF3719AC9CC4008F3F48 /* ChickenShow.swift in Sources */,
				A241919E19AC2A7B00CBC468 /* ViewController.swift in Sources */,
				2E6FFF3A19AC9CC4008F3F48 /* SnakeShow.swift in Sources */,
				A241919C19AC2A7B00CBC468 /* AppDelegate.swift in Sources */,
				A24191BE19AC304B00CBC468 /* Animal.swift in Sources */,
			);
			runOnlyForDeploymentPostprocessing = 0;
		};
		A24191A419AC2A7B00CBC468 /* Sources */ = {
			isa = PBXSourcesBuildPhase;
			buildActionMask = 2147483647;
			files = (
				A24191AF19AC2A7B00CBC468 /* DongVatAppTests.swift in Sources */,
			);
			runOnlyForDeploymentPostprocessing = 0;
		};
/* End PBXSourcesBuildPhase section */

/* Begin PBXTargetDependency section */
		A24191AA19AC2A7B00CBC468 /* PBXTargetDependency */ = {
			isa = PBXTargetDependency;
			target = A241919519AC2A7B00CBC468 /* DongVatApp */;
			targetProxy = A24191A919AC2A7B00CBC468 /* PBXContainerItemProxy */;
		};
/* End PBXTargetDependency section */

/* Begin PBXVariantGroup section */
		A241919F19AC2A7B00CBC468 /* Main.storyboard */ = {
			isa = PBXVariantGroup;
			children = (
				A24191A019AC2A7B00CBC468 /* Base */,
			);
			name = Main.storyboard;
			sourceTree = "<group>";
		};
/* End PBXVariantGroup section */

/* Begin XCBuildConfiguration section */
		A24191B019AC2A7B00CBC468 /* Debug */ = {
			isa = XCBuildConfiguration;
			buildSettings = {
				ALWAYS_SEARCH_USER_PATHS = NO;
				CLANG_CXX_LANGUAGE_STANDARD = "gnu++0x";
				CLANG_CXX_LIBRARY = "libc++";
				CLANG_ENABLE_MODULES = YES;
				CLANG_ENABLE_OBJC_ARC = YES;
				CLANG_WARN_BOOL_CONVERSION = YES;
				CLANG_WARN_CONSTANT_CONVERSION = YES;
				CLANG_WARN_DIRECT_OBJC_ISA_USAGE = YES_ERROR;
				CLANG_WARN_EMPTY_BODY = YES;
				CLANG_WARN_ENUM_CONVERSION = YES;
				CLANG_WARN_INT_CONVERSION = YES;
				CLANG_WARN_OBJC_ROOT_CLASS = YES_ERROR;
				CLANG_WARN_UNREACHABLE_CODE = YES;
				CLANG_WARN__DUPLICATE_METHOD_MATCH = YES;
				"CODE_SIGN_IDENTITY[sdk=iphoneos*]" = "iPhone Developer";
				COPY_PHASE_STRIP = NO;
				ENABLE_STRICT_OBJC_MSGSEND = YES;
				GCC_C_LANGUAGE_STANDARD = gnu99;
				GCC_DYNAMIC_NO_PIC = NO;
				GCC_OPTIMIZATION_LEVEL = 0;
				GCC_PREPROCESSOR_DEFINITIONS = (
					"DEBUG=1",
					"$(inherited)",
				);
				GCC_SYMBOLS_PRIVATE_EXTERN = NO;
				GCC_WARN_64_TO_32_BIT_CONVERSION = YES;
				GCC_WARN_ABOUT_RETURN_TYPE = YES_ERROR;
				GCC_WARN_UNDECLARED_SELECTOR = YES;
				GCC_WARN_UNINITIALIZED_AUTOS = YES_AGGRESSIVE;
				GCC_WARN_UNUSED_FUNCTION = YES;
				GCC_WARN_UNUSED_VARIABLE = YES;
				IPHONEOS_DEPLOYMENT_TARGET = 8.0;
				MTL_ENABLE_DEBUG_INFO = YES;
				ONLY_ACTIVE_ARCH = YES;
				SDKROOT = iphoneos;
				SWIFT_OPTIMIZATION_LEVEL = "-Onone";
				TARGETED_DEVICE_FAMILY = "1,2";
			};
			name = Debug;
		};
		A24191B119AC2A7B00CBC468 /* Release */ = {
			isa = XCBuildConfiguration;
			buildSettings = {
				ALWAYS_SEARCH_USER_PATHS = NO;
				CLANG_CXX_LANGUAGE_STANDARD = "gnu++0x";
				CLANG_CXX_LIBRARY = "libc++";
				CLANG_ENABLE_MODULES = YES;
				CLANG_ENABLE_OBJC_ARC = YES;
				CLANG_WARN_BOOL_CONVERSION = YES;
				CLANG_WARN_CONSTANT_CONVERSION = YES;
				CLANG_WARN_DIRECT_OBJC_ISA_USAGE = YES_ERROR;
				CLANG_WARN_EMPTY_BODY = YES;
				CLANG_WARN_ENUM_CONVERSION = YES;
				CLANG_WARN_INT_CONVERSION = YES;
				CLANG_WARN_OBJC_ROOT_CLASS = YES_ERROR;
				CLANG_WARN_UNREACHABLE_CODE = YES;
				CLANG_WARN__DUPLICATE_METHOD_MATCH = YES;
				"CODE_SIGN_IDENTITY[sdk=iphoneos*]" = "iPhone Developer";
				COPY_PHASE_STRIP = YES;
				ENABLE_NS_ASSERTIONS = NO;
				ENABLE_STRICT_OBJC_MSGSEND = YES;
				GCC_C_LANGUAGE_STANDARD = gnu99;
				GCC_WARN_64_TO_32_BIT_CONVERSION = YES;
				GCC_WARN_ABOUT_RETURN_TYPE = YES_ERROR;
				GCC_WARN_UNDECLARED_SELECTOR = YES;
				GCC_WARN_UNINITIALIZED_AUTOS = YES_AGGRESSIVE;
				GCC_WARN_UNUSED_FUNCTION = YES;
				GCC_WARN_UNUSED_VARIABLE = YES;
				IPHONEOS_DEPLOYMENT_TARGET = 8.0;
				MTL_ENABLE_DEBUG_INFO = NO;
				SDKROOT = iphoneos;
				TARGETED_DEVICE_FAMILY = "1,2";
				VALIDATE_PRODUCT = YES;
			};
			name = Release;
		};
		A24191B319AC2A7B00CBC468 /* Debug */ = {
			isa = XCBuildConfiguration;
			buildSettings = {
				ASSETCATALOG_COMPILER_APPICON_NAME = AppIcon;
				ASSETCATALOG_COMPILER_LAUNCHIMAGE_NAME = LaunchImage;
				INFOPLIST_FILE = DongVatApp/Info.plist;
				LD_RUNPATH_SEARCH_PATHS = "$(inherited) @executable_path/Frameworks";
				PRODUCT_NAME = "$(TARGET_NAME)";
			};
			name = Debug;
		};
		A24191B419AC2A7B00CBC468 /* Release */ = {
			isa = XCBuildConfiguration;
			buildSettings = {
				ASSETCATALOG_COMPILER_APPICON_NAME = AppIcon;
				ASSETCATALOG_COMPILER_LAUNCHIMAGE_NAME = LaunchImage;
				INFOPLIST_FILE = DongVatApp/Info.plist;
				LD_RUNPATH_SEARCH_PATHS = "$(inherited) @executable_path/Frameworks";
				PRODUCT_NAME = "$(TARGET_NAME)";
			};
			name = Release;
		};
		A24191B619AC2A7B00CBC468 /* Debug */ = {
			isa = XCBuildConfiguration;
			buildSettings = {
				BUNDLE_LOADER = "$(TEST_HOST)";
				FRAMEWORK_SEARCH_PATHS = (
					"$(SDKROOT)/Developer/Library/Frameworks",
					"$(inherited)",
				);
				GCC_PREPROCESSOR_DEFINITIONS = (
					"DEBUG=1",
					"$(inherited)",
				);
				INFOPLIST_FILE = DongVatAppTests/Info.plist;
				LD_RUNPATH_SEARCH_PATHS = "$(inherited) @executable_path/Frameworks @loader_path/Frameworks";
				PRODUCT_NAME = "$(TARGET_NAME)";
				TEST_HOST = "$(BUILT_PRODUCTS_DIR)/DongVatApp.app/DongVatApp";
			};
			name = Debug;
		};
		A24191B719AC2A7B00CBC468 /* Release */ = {
			isa = XCBuildConfiguration;
			buildSettings = {
				BUNDLE_LOADER = "$(TEST_HOST)";
				FRAMEWORK_SEARCH_PATHS = (
					"$(SDKROOT)/Developer/Library/Frameworks",
					"$(inherited)",
				);
				INFOPLIST_FILE = DongVatAppTests/Info.plist;
				LD_RUNPATH_SEARCH_PATHS = "$(inherited) @executable_path/Frameworks @loader_path/Frameworks";
				PRODUCT_NAME = "$(TARGET_NAME)";
				TEST_HOST = "$(BUILT_PRODUCTS_DIR)/DongVatApp.app/DongVatApp";
			};
			name = Release;
		};
/* End XCBuildConfiguration section */

/* Begin XCConfigurationList section */
		A241919119AC2A7A00CBC468 /* Build configuration list for PBXProject "DongVatApp" */ = {
			isa = XCConfigurationList;
			buildConfigurations = (
				A24191B019AC2A7B00CBC468 /* Debug */,
				A24191B119AC2A7B00CBC468 /* Release */,
			);
			defaultConfigurationIsVisible = 0;
			defaultConfigurationName = Release;
		};
		A24191B219AC2A7B00CBC468 /* Build configuration list for PBXNativeTarget "DongVatApp" */ = {
			isa = XCConfigurationList;
			buildConfigurations = (
				A24191B319AC2A7B00CBC468 /* Debug */,
				A24191B419AC2A7B00CBC468 /* Release */,
			);
			defaultConfigurationIsVisible = 0;
			defaultConfigurationName = Release;
		};
		A24191B519AC2A7B00CBC468 /* Build configuration list for PBXNativeTarget "DongVatAppTests" */ = {
			isa = XCConfigurationList;
			buildConfigurations = (
				A24191B619AC2A7B00CBC468 /* Debug */,
				A24191B719AC2A7B00CBC468 /* Release */,
			);
			defaultConfigurationIsVisible = 0;
			defaultConfigurationName = Release;
		};
/* End XCConfigurationList section */
	};
	rootObject = A241918E19AC2A7A00CBC468 /* Project object */;
}
